
Microsoft Visual Studio Solution File, Format Version 12.00
# Visual Studio Version 16
VisualStudioVersion = 16.0.31321.278
MinimumVisualStudioVersion = 10.0.40219.1
Project("{FAE04EC0-301F-11D3-BF4B-00C04F79EFBC}") = "192043R_AS_ICA", "192043R_AS_ICA\192043R_AS_ICA.csproj", "{F44CAC3A-6D0A-4488-AD24-C3350AE10770}"
EndProject
Global
	GlobalSection(SolutionConfigurationPlatforms) = preSolution
		Debug|Any CPU = Debug|Any CPU
		Release|Any CPU = Release|Any CPU
	EndGlobalSection
	GlobalSection(ProjectConfigurationPlatforms) = postSolution
		{F44CAC3A-6D0A-4488-AD24-C3350AE10770}.Debug|Any CPU.ActiveCfg = Debug|Any CPU
		{F44CAC3A-6D0A-4488-AD24-C3350AE10770}.Debug|Any CPU.Build.0 = Debug|Any CPU
		{F44CAC3A-6D0A-4488-AD24-C3350AE10770}.Release|Any CPU.ActiveCfg = Release|Any CPU
		{F44CAC3A-6D0A-4488-AD24-C3350AE10770}.Release|Any CPU.Build.0 = Release|Any CPU
	EndGlobalSection
	GlobalSection(SolutionProperties) = preSolution
		HideSolutionNode = FALSE
	EndGlobalSection
	GlobalSection(ExtensibilityGlobals) = postSolution
		SolutionGuid = {959A4E5F-DAEB-43FD-872F-566AA8A0061E}
	EndGlobalSection
EndGlobal
